// !$*UTF8*$!
{
	archiveVersion = 1;
	classes = {
	};
	objectVersion = 54;
	objects = {

/* Begin PBXBuildFile section */
		00E356F31AD99517003FC87E /* Coffee_XpressTests.m in Sources */ = {isa = PBXBuildFile; fileRef = 00E356F21AD99517003FC87E /* Coffee_XpressTests.m */; };
		0C80B921A6F3F58F76C31292 /* libPods-Coffee_Xpress.a in Frameworks */ = {isa = PBXBuildFile; fileRef = 5DCACB8F33CDC322A6C60F78 /* libPods-Coffee_Xpress.a */; };
		13B07FBC1A68108700A75B9A /* AppDelegate.mm in Sources */ = {isa = PBXBuildFile; fileRef = 13B07FB01A68108700A75B9A /* AppDelegate.mm */; };
		13B07FBF1A68108700A75B9A /* Images.xcassets in Resources */ = {isa = PBXBuildFile; fileRef = 13B07FB51A68108700A75B9A /* Images.xcassets */; };
		13B07FC11A68108700A75B9A /* main.m in Sources */ = {isa = PBXBuildFile; fileRef = 13B07FB71A68108700A75B9A /* main.m */; };
		7699B88040F8A987B510C191 /* libPods-Coffee_Xpress-Coffee_XpressTests.a in Frameworks */ = {isa = PBXBuildFile; fileRef = 19F6CBCC0A4E27FBF8BF4A61 /* libPods-Coffee_Xpress-Coffee_XpressTests.a */; };
		81AB9BB82411601600AC10FF /* LaunchScreen.storyboard in Resources */ = {isa = PBXBuildFile; fileRef = 81AB9BB72411601600AC10FF /* LaunchScreen.storyboard */; };
		80311542DCE440269460B2CE /* Poppins-Black.ttf in Resources */ = {isa = PBXBuildFile; fileRef = 7ADB8F5412064F7E974009DD /* Poppins-Black.ttf */; };
		01C5AA917CDF44CEBCBE58A0 /* Poppins-Bold.ttf in Resources */ = {isa = PBXBuildFile; fileRef = AC10643F99B84B4DB587A70C /* Poppins-Bold.ttf */; };
		C8EBA8ED9BC046738D731E37 /* Poppins-ExtraBold.ttf in Resources */ = {isa = PBXBuildFile; fileRef = DBC8F22DE316470085F1AB29 /* Poppins-ExtraBold.ttf */; };
		77DC3088266A4873A6D55C06 /* Poppins-ExtraLight.ttf in Resources */ = {isa = PBXBuildFile; fileRef = B91B6E9DFE1E4457BC02F513 /* Poppins-ExtraLight.ttf */; };
		5EA8D8FC818A4325B3DEB605 /* Poppins-Light.ttf in Resources */ = {isa = PBXBuildFile; fileRef = DE4302C9025446EA87B6220F /* Poppins-Light.ttf */; };
		8267250AE5EF4987A82B01EE /* Poppins-Medium.ttf in Resources */ = {isa = PBXBuildFile; fileRef = 47D2A467FFF94EF28248C038 /* Poppins-Medium.ttf */; };
		A582D189770B4172B7DD5F60 /* Poppins-Regular.ttf in Resources */ = {isa = PBXBuildFile; fileRef = C29C3F4E5E7543BC85B2B370 /* Poppins-Regular.ttf */; };
		79E6C26FF44241B7BF92DC48 /* Poppins-SemiBold.ttf in Resources */ = {isa = PBXBuildFile; fileRef = 9478E5ABE4B04F0EB0C69292 /* Poppins-SemiBold.ttf */; };
		24C3D7CD5B33475CAB7A7FD6 /* Poppins-Thin.ttf in Resources */ = {isa = PBXBuildFile; fileRef = C5FE440055194B8EA0C1AF20 /* Poppins-Thin.ttf */; };
		FFD0DA783CC24FC2B64D2FDA /* app_icons.ttf in Resources */ = {isa = PBXBuildFile; fileRef = A7E104B50F2C46158DB685AA /* app_icons.ttf */; };
		FFBB00E606834E4087549CBC /* amazonpay.png in Resources */ = {isa = PBXBuildFile; fileRef = A7ACCE8251AD4DA3B185E97D /* amazonpay.png */; };
		BD680EE9B7AC4416877C54C5 /* applepay.png in Resources */ = {isa = PBXBuildFile; fileRef = 0364C7DF93A546D4BD926413 /* applepay.png */; };
		76ADE744C7134911A57212E7 /* avatar.png in Resources */ = {isa = PBXBuildFile; fileRef = 4939CB96481E46988D555F45 /* avatar.png */; };
		88F4BFEDEFFC4A0A89C3012F /* gpay.png in Resources */ = {isa = PBXBuildFile; fileRef = 14B5C3A5A10B441C93D18C92 /* gpay.png */; };
		F3D2886B6BB34CA682D21D6A /* americano_pic_1_portrait.png in Resources */ = {isa = PBXBuildFile; fileRef = 57AF0D3264DF42328BE15826 /* americano_pic_1_portrait.png */; };
		EF3620AB6B174C4FB8BB2B9E /* americano_pic_2_portrait.png in Resources */ = {isa = PBXBuildFile; fileRef = 60012EAF4CB74238B0D5D00C /* americano_pic_2_portrait.png */; };
		AED0D869268549DDB7A2F4ED /* americano_pic_3_portrait.png in Resources */ = {isa = PBXBuildFile; fileRef = 0BD3075EE0BC479BB70051CF /* americano_pic_3_portrait.png */; };
		B62DE4B95ADD4C82A681DAE8 /* americano_pic_1_square.png in Resources */ = {isa = PBXBuildFile; fileRef = 000B986E9C4B4D99B30F92A4 /* americano_pic_1_square.png */; };
		81E62511D8F846598B79DE4B /* americano_pic_2_square.png in Resources */ = {isa = PBXBuildFile; fileRef = F4A4B2AA0DC54CEE8049632B /* americano_pic_2_square.png */; };
		923D6DA8C12142C28D6FEC89 /* americano_pic_3_square.png in Resources */ = {isa = PBXBuildFile; fileRef = FB1D2AA9DB0148AEB8D7A50E /* americano_pic_3_square.png */; };
		853DFE3049DC43D5A4B32768 /* arabica_coffee_beans_portrait.png in Resources */ = {isa = PBXBuildFile; fileRef = F64C1A37A89B41FD819DA91A /* arabica_coffee_beans_portrait.png */; };
		22A53B280D334E6D9448003B /* arabica_coffee_beans_square.png in Resources */ = {isa = PBXBuildFile; fileRef = AC4B34EFFC1C4A9DA211518E /* arabica_coffee_beans_square.png */; };
		7A540C746E584E5D81B0A64B /* black_coffee_pic_1_portrait.png in Resources */ = {isa = PBXBuildFile; fileRef = 7B44CAA29FDD4DAEBF0942FD /* black_coffee_pic_1_portrait.png */; };
		B9BC6C42CAB545DC9E2D36E6 /* black_coffee_pic_2_portrait.png in Resources */ = {isa = PBXBuildFile; fileRef = 6E1E56791D154262AF535D0A /* black_coffee_pic_2_portrait.png */; };
		9D4CA853F52B48668A443D9D /* black_coffee_pic_3_portrait.png in Resources */ = {isa = PBXBuildFile; fileRef = 91B832E43ADC49CBA64CABD8 /* black_coffee_pic_3_portrait.png */; };
		4A50D025680E44EE8FAFABE8 /* black_coffee_pic_1_square.png in Resources */ = {isa = PBXBuildFile; fileRef = ADDAF2CB726E41088C386A32 /* black_coffee_pic_1_square.png */; };
		EDA3F6AACFFF44278674B652 /* black_coffee_pic_2_square.png in Resources */ = {isa = PBXBuildFile; fileRef = 1C6B166BBAD54421B7B4617D /* black_coffee_pic_2_square.png */; };
		5DE93973600C4F658EE7CF94 /* black_coffee_pic_3_square.png in Resources */ = {isa = PBXBuildFile; fileRef = 5EC91E7B5DDD4757BFE31144 /* black_coffee_pic_3_square.png */; };
		38774E07E7F1435AA33DB90E /* cappuccino_pic_1_portrait.png in Resources */ = {isa = PBXBuildFile; fileRef = 0A092840F0824F98B6FA1C08 /* cappuccino_pic_1_portrait.png */; };
		926B6618FE1F4F0EAE490614 /* cappuccino_pic_2_portrait.png in Resources */ = {isa = PBXBuildFile; fileRef = 69382711278D4F3C94CC53F8 /* cappuccino_pic_2_portrait.png */; };
		69282B93251D44D9AFA048EA /* cappuccino_pic_3_portrait.png in Resources */ = {isa = PBXBuildFile; fileRef = C4A6545A248A439B8C05E6AA /* cappuccino_pic_3_portrait.png */; };
		CB89D406C4FE49E39945B83D /* cappuccino_pic_1_square.png in Resources */ = {isa = PBXBuildFile; fileRef = 9C8AB49730A048DF969E5037 /* cappuccino_pic_1_square.png */; };
		B041CB3F14DD4C45948B1EB9 /* cappuccino_pic_2_square.png in Resources */ = {isa = PBXBuildFile; fileRef = 62041261788843A3AFEC927B /* cappuccino_pic_2_square.png */; };
		5F804F16F6CE4D36900B359F /* cappuccino_pic_3_square.png in Resources */ = {isa = PBXBuildFile; fileRef = 74742262242845159F9719EF /* cappuccino_pic_3_square.png */; };
		0F70F1F3B5A64E93B3686814 /* espresso_pic_1_portrait.png in Resources */ = {isa = PBXBuildFile; fileRef = B7E2648035724558A5E21254 /* espresso_pic_1_portrait.png */; };
		DCE2747958384EBD8CDB362A /* espresso_pic_2_portrait.png in Resources */ = {isa = PBXBuildFile; fileRef = EB464935CEBD49749D3E322F /* espresso_pic_2_portrait.png */; };
		C7036EB99E544310BB757B98 /* espresso_pic_3_portrait.png in Resources */ = {isa = PBXBuildFile; fileRef = 5AEE8E32E3744436B76941CC /* espresso_pic_3_portrait.png */; };
		D532FFA20A7F47ACA686AABB /* espresso_pic_1_square.png in Resources */ = {isa = PBXBuildFile; fileRef = 9E97B24E2C1D4775A0BC7026 /* espresso_pic_1_square.png */; };
		A2D32A94CF414A7787B9ECC1 /* espresso_pic_2_square.png in Resources */ = {isa = PBXBuildFile; fileRef = 354C609848CB44D1A8C7BF30 /* espresso_pic_2_square.png */; };
		0AF55197C64D4FD680637137 /* espresso_pic_3_square.png in Resources */ = {isa = PBXBuildFile; fileRef = 3EBEC8EFEE5D41CE8BADB9F2 /* espresso_pic_3_square.png */; };
		B93647BBD7D14845BAFCA44D /* excelsa_coffee_beans_portrait.png in Resources */ = {isa = PBXBuildFile; fileRef = 5333920329A04AC78865CD86 /* excelsa_coffee_beans_portrait.png */; };
		2811B12997D7423CB3E2465B /* excelsa_coffee_beans_square.png in Resources */ = {isa = PBXBuildFile; fileRef = 51054106F0DC43E387C897BE /* excelsa_coffee_beans_square.png */; };
		0DCD634AE89E4A9FB3CDB9C7 /* latte_pic_1_portrait.png in Resources */ = {isa = PBXBuildFile; fileRef = 955CAE9A5B0140CDA40B4D70 /* latte_pic_1_portrait.png */; };
		22FF6CC38CF343648C7D66AA /* latte_pic_2_portrait.png in Resources */ = {isa = PBXBuildFile; fileRef = 4666FCD09E934A1398C2CB8F /* latte_pic_2_portrait.png */; };
		E3A7CA3588B142229D3A922A /* latte_pic_3_portrait.png in Resources */ = {isa = PBXBuildFile; fileRef = 8A7FE3682B0542B68D686BDF /* latte_pic_3_portrait.png */; };
		81D1B0C22DE24E0E8620B8F8 /* latte_pic_1_square.png in Resources */ = {isa = PBXBuildFile; fileRef = 1A2D81F3854C40AEB0A8C999 /* latte_pic_1_square.png */; };
		F618282C429A4C219FB70A56 /* latte_pic_2_square.png in Resources */ = {isa = PBXBuildFile; fileRef = 21414B93ED714728BBC97421 /* latte_pic_2_square.png */; };
		7F0B139FD4F14E489E7427E0 /* latte_pic_3_square.png in Resources */ = {isa = PBXBuildFile; fileRef = FA9A42C2C42F4FC7AE1F6BB2 /* latte_pic_3_square.png */; };
		E3D2504E606447BE893B2E38 /* liberica_coffee_beans_portrait.png in Resources */ = {isa = PBXBuildFile; fileRef = 264E31451D724ACF8D397E9A /* liberica_coffee_beans_portrait.png */; };
		9021D7FA9E054A9192318A85 /* liberica_coffee_beans_square.png in Resources */ = {isa = PBXBuildFile; fileRef = D96B75ACD8E24517967955F9 /* liberica_coffee_beans_square.png */; };
		C19DCDE7472340CBA2FB0A15 /* macchiato_pic_1_portrait.png in Resources */ = {isa = PBXBuildFile; fileRef = C5C069E22C9B417CA763BECB /* macchiato_pic_1_portrait.png */; };
		7125977E2BD44DE1A446E231 /* macchiato_pic_2_portrait.png in Resources */ = {isa = PBXBuildFile; fileRef = 081326BD91974E9996859A63 /* macchiato_pic_2_portrait.png */; };
		8AD74812004C4393A8A8CFE4 /* macchiato_pic_3_portrait.png in Resources */ = {isa = PBXBuildFile; fileRef = AEFDB0DAD85F497EA321F5A6 /* macchiato_pic_3_portrait.png */; };
		8E74DFFF6C3C43659F96D82F /* macchiato_pic_1_square.png in Resources */ = {isa = PBXBuildFile; fileRef = 3F3C4A5B620D489EA47F46F4 /* macchiato_pic_1_square.png */; };
		9353119E5B0A42D9AC160D8D /* macchiato_pic_2_square.png in Resources */ = {isa = PBXBuildFile; fileRef = 0C5A561F54CD41F5949E8068 /* macchiato_pic_2_square.png */; };
		74D59A6C2E43420CBEEEE062 /* macchiato_pic_3_square.png in Resources */ = {isa = PBXBuildFile; fileRef = 04A3ED92CAFB4FA998E138A2 /* macchiato_pic_3_square.png */; };
		5F86E53FDFBA417481BA9688 /* robusta_coffee_beans_portrait.png in Resources */ = {isa = PBXBuildFile; fileRef = 1E48DDC7B86C4A9ABF835262 /* robusta_coffee_beans_portrait.png */; };
		7EC2C041FE1549B1A0B359C5 /* robusta_coffee_beans_square.png in Resources */ = {isa = PBXBuildFile; fileRef = 44A97EFF84E34578B7542C93 /* robusta_coffee_beans_square.png */; };
		EC3903DF8F7B41EE8E3F4742 /* icomoon.ttf in Resources */ = {isa = PBXBuildFile; fileRef = CDDF13C8F70D46E49AFCEA28 /* icomoon.ttf */; };
/* End PBXBuildFile section */

/* Begin PBXContainerItemProxy section */
		00E356F41AD99517003FC87E /* PBXContainerItemProxy */ = {
			isa = PBXContainerItemProxy;
			containerPortal = 83CBB9F71A601CBA00E9B192 /* Project object */;
			proxyType = 1;
			remoteGlobalIDString = 13B07F861A680F5B00A75B9A;
			remoteInfo = Coffee_Xpress;
		};
/* End PBXContainerItemProxy section */

/* Begin PBXFileReference section */
		00E356EE1AD99517003FC87E /* Coffee_XpressTests.xctest */ = {isa = PBXFileReference; explicitFileType = wrapper.cfbundle; includeInIndex = 0; path = Coffee_XpressTests.xctest; sourceTree = BUILT_PRODUCTS_DIR; };
		00E356F11AD99517003FC87E /* Info.plist */ = {isa = PBXFileReference; lastKnownFileType = text.plist.xml; path = Info.plist; sourceTree = "<group>"; };
		00E356F21AD99517003FC87E /* Coffee_XpressTests.m */ = {isa = PBXFileReference; lastKnownFileType = sourcecode.c.objc; path = Coffee_XpressTests.m; sourceTree = "<group>"; };
		13B07F961A680F5B00A75B9A /* Coffee_Xpress.app */ = {isa = PBXFileReference; explicitFileType = wrapper.application; includeInIndex = 0; path = Coffee_Xpress.app; sourceTree = BUILT_PRODUCTS_DIR; };
		13B07FAF1A68108700A75B9A /* AppDelegate.h */ = {isa = PBXFileReference; fileEncoding = 4; lastKnownFileType = sourcecode.c.h; name = AppDelegate.h; path = Coffee_Xpress/AppDelegate.h; sourceTree = "<group>"; };
		13B07FB01A68108700A75B9A /* AppDelegate.mm */ = {isa = PBXFileReference; fileEncoding = 4; lastKnownFileType = sourcecode.cpp.objcpp; name = AppDelegate.mm; path = Coffee_Xpress/AppDelegate.mm; sourceTree = "<group>"; };
		13B07FB51A68108700A75B9A /* Images.xcassets */ = {isa = PBXFileReference; lastKnownFileType = folder.assetcatalog; name = Images.xcassets; path = Coffee_Xpress/Images.xcassets; sourceTree = "<group>"; };
		13B07FB61A68108700A75B9A /* Info.plist */ = {isa = PBXFileReference; fileEncoding = 4; lastKnownFileType = text.plist.xml; name = Info.plist; path = Coffee_Xpress/Info.plist; sourceTree = "<group>"; };
		13B07FB71A68108700A75B9A /* main.m */ = {isa = PBXFileReference; fileEncoding = 4; lastKnownFileType = sourcecode.c.objc; name = main.m; path = Coffee_Xpress/main.m; sourceTree = "<group>"; };
		13B07FB81A68108700A75B9A /* PrivacyInfo.xcprivacy */ = {isa = PBXFileReference; fileEncoding = 4; lastKnownFileType = text.plist.xml; name = PrivacyInfo.xcprivacy; path = Coffee_Xpress/PrivacyInfo.xcprivacy; sourceTree = "<group>"; };
		19F6CBCC0A4E27FBF8BF4A61 /* libPods-Coffee_Xpress-Coffee_XpressTests.a */ = {isa = PBXFileReference; explicitFileType = archive.ar; includeInIndex = 0; path = "libPods-Coffee_Xpress-Coffee_XpressTests.a"; sourceTree = BUILT_PRODUCTS_DIR; };
		3B4392A12AC88292D35C810B /* Pods-Coffee_Xpress.debug.xcconfig */ = {isa = PBXFileReference; includeInIndex = 1; lastKnownFileType = text.xcconfig; name = "Pods-Coffee_Xpress.debug.xcconfig"; path = "Target Support Files/Pods-Coffee_Xpress/Pods-Coffee_Xpress.debug.xcconfig"; sourceTree = "<group>"; };
		5709B34CF0A7D63546082F79 /* Pods-Coffee_Xpress.release.xcconfig */ = {isa = PBXFileReference; includeInIndex = 1; lastKnownFileType = text.xcconfig; name = "Pods-Coffee_Xpress.release.xcconfig"; path = "Target Support Files/Pods-Coffee_Xpress/Pods-Coffee_Xpress.release.xcconfig"; sourceTree = "<group>"; };
		5B7EB9410499542E8C5724F5 /* Pods-Coffee_Xpress-Coffee_XpressTests.debug.xcconfig */ = {isa = PBXFileReference; includeInIndex = 1; lastKnownFileType = text.xcconfig; name = "Pods-Coffee_Xpress-Coffee_XpressTests.debug.xcconfig"; path = "Target Support Files/Pods-Coffee_Xpress-Coffee_XpressTests/Pods-Coffee_Xpress-Coffee_XpressTests.debug.xcconfig"; sourceTree = "<group>"; };
		5DCACB8F33CDC322A6C60F78 /* libPods-Coffee_Xpress.a */ = {isa = PBXFileReference; explicitFileType = archive.ar; includeInIndex = 0; path = "libPods-Coffee_Xpress.a"; sourceTree = BUILT_PRODUCTS_DIR; };
		81AB9BB72411601600AC10FF /* LaunchScreen.storyboard */ = {isa = PBXFileReference; fileEncoding = 4; lastKnownFileType = file.storyboard; name = LaunchScreen.storyboard; path = Coffee_Xpress/LaunchScreen.storyboard; sourceTree = "<group>"; };
		89C6BE57DB24E9ADA2F236DE /* Pods-Coffee_Xpress-Coffee_XpressTests.release.xcconfig */ = {isa = PBXFileReference; includeInIndex = 1; lastKnownFileType = text.xcconfig; name = "Pods-Coffee_Xpress-Coffee_XpressTests.release.xcconfig"; path = "Target Support Files/Pods-Coffee_Xpress-Coffee_XpressTests/Pods-Coffee_Xpress-Coffee_XpressTests.release.xcconfig"; sourceTree = "<group>"; };
		ED297162215061F000B7C4FE /* JavaScriptCore.framework */ = {isa = PBXFileReference; lastKnownFileType = wrapper.framework; name = JavaScriptCore.framework; path = System/Library/Frameworks/JavaScriptCore.framework; sourceTree = SDKROOT; };
		7ADB8F5412064F7E974009DD /* Poppins-Black.ttf */ = {isa = PBXFileReference; name = "Poppins-Black.ttf"; path = "../src/assets/fonts/Poppins-Black.ttf"; sourceTree = "<group>"; fileEncoding = undefined; lastKnownFileType = unknown; explicitFileType = undefined; includeInIndex = 0; };
		AC10643F99B84B4DB587A70C /* Poppins-Bold.ttf */ = {isa = PBXFileReference; name = "Poppins-Bold.ttf"; path = "../src/assets/fonts/Poppins-Bold.ttf"; sourceTree = "<group>"; fileEncoding = undefined; lastKnownFileType = unknown; explicitFileType = undefined; includeInIndex = 0; };
		DBC8F22DE316470085F1AB29 /* Poppins-ExtraBold.ttf */ = {isa = PBXFileReference; name = "Poppins-ExtraBold.ttf"; path = "../src/assets/fonts/Poppins-ExtraBold.ttf"; sourceTree = "<group>"; fileEncoding = undefined; lastKnownFileType = unknown; explicitFileType = undefined; includeInIndex = 0; };
		B91B6E9DFE1E4457BC02F513 /* Poppins-ExtraLight.ttf */ = {isa = PBXFileReference; name = "Poppins-ExtraLight.ttf"; path = "../src/assets/fonts/Poppins-ExtraLight.ttf"; sourceTree = "<group>"; fileEncoding = undefined; lastKnownFileType = unknown; explicitFileType = undefined; includeInIndex = 0; };
		DE4302C9025446EA87B6220F /* Poppins-Light.ttf */ = {isa = PBXFileReference; name = "Poppins-Light.ttf"; path = "../src/assets/fonts/Poppins-Light.ttf"; sourceTree = "<group>"; fileEncoding = undefined; lastKnownFileType = unknown; explicitFileType = undefined; includeInIndex = 0; };
		47D2A467FFF94EF28248C038 /* Poppins-Medium.ttf */ = {isa = PBXFileReference; name = "Poppins-Medium.ttf"; path = "../src/assets/fonts/Poppins-Medium.ttf"; sourceTree = "<group>"; fileEncoding = undefined; lastKnownFileType = unknown; explicitFileType = undefined; includeInIndex = 0; };
		C29C3F4E5E7543BC85B2B370 /* Poppins-Regular.ttf */ = {isa = PBXFileReference; name = "Poppins-Regular.ttf"; path = "../src/assets/fonts/Poppins-Regular.ttf"; sourceTree = "<group>"; fileEncoding = undefined; lastKnownFileType = unknown; explicitFileType = undefined; includeInIndex = 0; };
		9478E5ABE4B04F0EB0C69292 /* Poppins-SemiBold.ttf */ = {isa = PBXFileReference; name = "Poppins-SemiBold.ttf"; path = "../src/assets/fonts/Poppins-SemiBold.ttf"; sourceTree = "<group>"; fileEncoding = undefined; lastKnownFileType = unknown; explicitFileType = undefined; includeInIndex = 0; };
		C5FE440055194B8EA0C1AF20 /* Poppins-Thin.ttf */ = {isa = PBXFileReference; name = "Poppins-Thin.ttf"; path = "../src/assets/fonts/Poppins-Thin.ttf"; sourceTree = "<group>"; fileEncoding = undefined; lastKnownFileType = unknown; explicitFileType = undefined; includeInIndex = 0; };
		A7E104B50F2C46158DB685AA /* app_icons.ttf */ = {isa = PBXFileReference; name = "app_icons.ttf"; path = "../src/assets/fonts/app_icons.ttf"; sourceTree = "<group>"; fileEncoding = undefined; lastKnownFileType = unknown; explicitFileType = undefined; includeInIndex = 0; };
		A7ACCE8251AD4DA3B185E97D /* amazonpay.png */ = {isa = PBXFileReference; name = "amazonpay.png"; path = "../src/assets/app_images/amazonpay.png"; sourceTree = "<group>"; fileEncoding = undefined; lastKnownFileType = unknown; explicitFileType = undefined; includeInIndex = 0; };
		0364C7DF93A546D4BD926413 /* applepay.png */ = {isa = PBXFileReference; name = "applepay.png"; path = "../src/assets/app_images/applepay.png"; sourceTree = "<group>"; fileEncoding = undefined; lastKnownFileType = unknown; explicitFileType = undefined; includeInIndex = 0; };
		4939CB96481E46988D555F45 /* avatar.png */ = {isa = PBXFileReference; name = "avatar.png"; path = "../src/assets/app_images/avatar.png"; sourceTree = "<group>"; fileEncoding = undefined; lastKnownFileType = unknown; explicitFileType = undefined; includeInIndex = 0; };
		14B5C3A5A10B441C93D18C92 /* gpay.png */ = {isa = PBXFileReference; name = "gpay.png"; path = "../src/assets/app_images/gpay.png"; sourceTree = "<group>"; fileEncoding = undefined; lastKnownFileType = unknown; explicitFileType = undefined; includeInIndex = 0; };
		57AF0D3264DF42328BE15826 /* americano_pic_1_portrait.png */ = {isa = PBXFileReference; name = "americano_pic_1_portrait.png"; path = "../src/assets/coffee_assets/americano/portrait/americano_pic_1_portrait.png"; sourceTree = "<group>"; fileEncoding = undefined; lastKnownFileType = unknown; explicitFileType = undefined; includeInIndex = 0; };
		60012EAF4CB74238B0D5D00C /* americano_pic_2_portrait.png */ = {isa = PBXFileReference; name = "americano_pic_2_portrait.png"; path = "../src/assets/coffee_assets/americano/portrait/americano_pic_2_portrait.png"; sourceTree = "<group>"; fileEncoding = undefined; lastKnownFileType = unknown; explicitFileType = undefined; includeInIndex = 0; };
		0BD3075EE0BC479BB70051CF /* americano_pic_3_portrait.png */ = {isa = PBXFileReference; name = "americano_pic_3_portrait.png"; path = "../src/assets/coffee_assets/americano/portrait/americano_pic_3_portrait.png"; sourceTree = "<group>"; fileEncoding = undefined; lastKnownFileType = unknown; explicitFileType = undefined; includeInIndex = 0; };
		000B986E9C4B4D99B30F92A4 /* americano_pic_1_square.png */ = {isa = PBXFileReference; name = "americano_pic_1_square.png"; path = "../src/assets/coffee_assets/americano/square/americano_pic_1_square.png"; sourceTree = "<group>"; fileEncoding = undefined; lastKnownFileType = unknown; explicitFileType = undefined; includeInIndex = 0; };
		F4A4B2AA0DC54CEE8049632B /* americano_pic_2_square.png */ = {isa = PBXFileReference; name = "americano_pic_2_square.png"; path = "../src/assets/coffee_assets/americano/square/americano_pic_2_square.png"; sourceTree = "<group>"; fileEncoding = undefined; lastKnownFileType = unknown; explicitFileType = undefined; includeInIndex = 0; };
		FB1D2AA9DB0148AEB8D7A50E /* americano_pic_3_square.png */ = {isa = PBXFileReference; name = "americano_pic_3_square.png"; path = "../src/assets/coffee_assets/americano/square/americano_pic_3_square.png"; sourceTree = "<group>"; fileEncoding = undefined; lastKnownFileType = unknown; explicitFileType = undefined; includeInIndex = 0; };
		F64C1A37A89B41FD819DA91A /* arabica_coffee_beans_portrait.png */ = {isa = PBXFileReference; name = "arabica_coffee_beans_portrait.png"; path = "../src/assets/coffee_assets/arabica_coffee_beans/arabica_coffee_beans_portrait.png"; sourceTree = "<group>"; fileEncoding = undefined; lastKnownFileType = unknown; explicitFileType = undefined; includeInIndex = 0; };
		AC4B34EFFC1C4A9DA211518E /* arabica_coffee_beans_square.png */ = {isa = PBXFileReference; name = "arabica_coffee_beans_square.png"; path = "../src/assets/coffee_assets/arabica_coffee_beans/arabica_coffee_beans_square.png"; sourceTree = "<group>"; fileEncoding = undefined; lastKnownFileType = unknown; explicitFileType = undefined; includeInIndex = 0; };
		7B44CAA29FDD4DAEBF0942FD /* black_coffee_pic_1_portrait.png */ = {isa = PBXFileReference; name = "black_coffee_pic_1_portrait.png"; path = "../src/assets/coffee_assets/black_coffee/portrait/black_coffee_pic_1_portrait.png"; sourceTree = "<group>"; fileEncoding = undefined; lastKnownFileType = unknown; explicitFileType = undefined; includeInIndex = 0; };
		6E1E56791D154262AF535D0A /* black_coffee_pic_2_portrait.png */ = {isa = PBXFileReference; name = "black_coffee_pic_2_portrait.png"; path = "../src/assets/coffee_assets/black_coffee/portrait/black_coffee_pic_2_portrait.png"; sourceTree = "<group>"; fileEncoding = undefined; lastKnownFileType = unknown; explicitFileType = undefined; includeInIndex = 0; };
		91B832E43ADC49CBA64CABD8 /* black_coffee_pic_3_portrait.png */ = {isa = PBXFileReference; name = "black_coffee_pic_3_portrait.png"; path = "../src/assets/coffee_assets/black_coffee/portrait/black_coffee_pic_3_portrait.png"; sourceTree = "<group>"; fileEncoding = undefined; lastKnownFileType = unknown; explicitFileType = undefined; includeInIndex = 0; };
		ADDAF2CB726E41088C386A32 /* black_coffee_pic_1_square.png */ = {isa = PBXFileReference; name = "black_coffee_pic_1_square.png"; path = "../src/assets/coffee_assets/black_coffee/square/black_coffee_pic_1_square.png"; sourceTree = "<group>"; fileEncoding = undefined; lastKnownFileType = unknown; explicitFileType = undefined; includeInIndex = 0; };
		1C6B166BBAD54421B7B4617D /* black_coffee_pic_2_square.png */ = {isa = PBXFileReference; name = "black_coffee_pic_2_square.png"; path = "../src/assets/coffee_assets/black_coffee/square/black_coffee_pic_2_square.png"; sourceTree = "<group>"; fileEncoding = undefined; lastKnownFileType = unknown; explicitFileType = undefined; includeInIndex = 0; };
		5EC91E7B5DDD4757BFE31144 /* black_coffee_pic_3_square.png */ = {isa = PBXFileReference; name = "black_coffee_pic_3_square.png"; path = "../src/assets/coffee_assets/black_coffee/square/black_coffee_pic_3_square.png"; sourceTree = "<group>"; fileEncoding = undefined; lastKnownFileType = unknown; explicitFileType = undefined; includeInIndex = 0; };
		0A092840F0824F98B6FA1C08 /* cappuccino_pic_1_portrait.png */ = {isa = PBXFileReference; name = "cappuccino_pic_1_portrait.png"; path = "../src/assets/coffee_assets/cappuccino/portrait/cappuccino_pic_1_portrait.png"; sourceTree = "<group>"; fileEncoding = undefined; lastKnownFileType = unknown; explicitFileType = undefined; includeInIndex = 0; };
		69382711278D4F3C94CC53F8 /* cappuccino_pic_2_portrait.png */ = {isa = PBXFileReference; name = "cappuccino_pic_2_portrait.png"; path = "../src/assets/coffee_assets/cappuccino/portrait/cappuccino_pic_2_portrait.png"; sourceTree = "<group>"; fileEncoding = undefined; lastKnownFileType = unknown; explicitFileType = undefined; includeInIndex = 0; };
		C4A6545A248A439B8C05E6AA /* cappuccino_pic_3_portrait.png */ = {isa = PBXFileReference; name = "cappuccino_pic_3_portrait.png"; path = "../src/assets/coffee_assets/cappuccino/portrait/cappuccino_pic_3_portrait.png"; sourceTree = "<group>"; fileEncoding = undefined; lastKnownFileType = unknown; explicitFileType = undefined; includeInIndex = 0; };
		9C8AB49730A048DF969E5037 /* cappuccino_pic_1_square.png */ = {isa = PBXFileReference; name = "cappuccino_pic_1_square.png"; path = "../src/assets/coffee_assets/cappuccino/square/cappuccino_pic_1_square.png"; sourceTree = "<group>"; fileEncoding = undefined; lastKnownFileType = unknown; explicitFileType = undefined; includeInIndex = 0; };
		62041261788843A3AFEC927B /* cappuccino_pic_2_square.png */ = {isa = PBXFileReference; name = "cappuccino_pic_2_square.png"; path = "../src/assets/coffee_assets/cappuccino/square/cappuccino_pic_2_square.png"; sourceTree = "<group>"; fileEncoding = undefined; lastKnownFileType = unknown; explicitFileType = undefined; includeInIndex = 0; };
		74742262242845159F9719EF /* cappuccino_pic_3_square.png */ = {isa = PBXFileReference; name = "cappuccino_pic_3_square.png"; path = "../src/assets/coffee_assets/cappuccino/square/cappuccino_pic_3_square.png"; sourceTree = "<group>"; fileEncoding = undefined; lastKnownFileType = unknown; explicitFileType = undefined; includeInIndex = 0; };
		B7E2648035724558A5E21254 /* espresso_pic_1_portrait.png */ = {isa = PBXFileReference; name = "espresso_pic_1_portrait.png"; path = "../src/assets/coffee_assets/espresso/portrait/espresso_pic_1_portrait.png"; sourceTree = "<group>"; fileEncoding = undefined; lastKnownFileType = unknown; explicitFileType = undefined; includeInIndex = 0; };
		EB464935CEBD49749D3E322F /* espresso_pic_2_portrait.png */ = {isa = PBXFileReference; name = "espresso_pic_2_portrait.png"; path = "../src/assets/coffee_assets/espresso/portrait/espresso_pic_2_portrait.png"; sourceTree = "<group>"; fileEncoding = undefined; lastKnownFileType = unknown; explicitFileType = undefined; includeInIndex = 0; };
		5AEE8E32E3744436B76941CC /* espresso_pic_3_portrait.png */ = {isa = PBXFileReference; name = "espresso_pic_3_portrait.png"; path = "../src/assets/coffee_assets/espresso/portrait/espresso_pic_3_portrait.png"; sourceTree = "<group>"; fileEncoding = undefined; lastKnownFileType = unknown; explicitFileType = undefined; includeInIndex = 0; };
		9E97B24E2C1D4775A0BC7026 /* espresso_pic_1_square.png */ = {isa = PBXFileReference; name = "espresso_pic_1_square.png"; path = "../src/assets/coffee_assets/espresso/square/espresso_pic_1_square.png"; sourceTree = "<group>"; fileEncoding = undefined; lastKnownFileType = unknown; explicitFileType = undefined; includeInIndex = 0; };
		354C609848CB44D1A8C7BF30 /* espresso_pic_2_square.png */ = {isa = PBXFileReference; name = "espresso_pic_2_square.png"; path = "../src/assets/coffee_assets/espresso/square/espresso_pic_2_square.png"; sourceTree = "<group>"; fileEncoding = undefined; lastKnownFileType = unknown; explicitFileType = undefined; includeInIndex = 0; };
		3EBEC8EFEE5D41CE8BADB9F2 /* espresso_pic_3_square.png */ = {isa = PBXFileReference; name = "espresso_pic_3_square.png"; path = "../src/assets/coffee_assets/espresso/square/espresso_pic_3_square.png"; sourceTree = "<group>"; fileEncoding = undefined; lastKnownFileType = unknown; explicitFileType = undefined; includeInIndex = 0; };
		5333920329A04AC78865CD86 /* excelsa_coffee_beans_portrait.png */ = {isa = PBXFileReference; name = "excelsa_coffee_beans_portrait.png"; path = "../src/assets/coffee_assets/excelsa_coffee_beans/excelsa_coffee_beans_portrait.png"; sourceTree = "<group>"; fileEncoding = undefined; lastKnownFileType = unknown; explicitFileType = undefined; includeInIndex = 0; };
		51054106F0DC43E387C897BE /* excelsa_coffee_beans_square.png */ = {isa = PBXFileReference; name = "excelsa_coffee_beans_square.png"; path = "../src/assets/coffee_assets/excelsa_coffee_beans/excelsa_coffee_beans_square.png"; sourceTree = "<group>"; fileEncoding = undefined; lastKnownFileType = unknown; explicitFileType = undefined; includeInIndex = 0; };
		955CAE9A5B0140CDA40B4D70 /* latte_pic_1_portrait.png */ = {isa = PBXFileReference; name = "latte_pic_1_portrait.png"; path = "../src/assets/coffee_assets/latte/portrait/latte_pic_1_portrait.png"; sourceTree = "<group>"; fileEncoding = undefined; lastKnownFileType = unknown; explicitFileType = undefined; includeInIndex = 0; };
		4666FCD09E934A1398C2CB8F /* latte_pic_2_portrait.png */ = {isa = PBXFileReference; name = "latte_pic_2_portrait.png"; path = "../src/assets/coffee_assets/latte/portrait/latte_pic_2_portrait.png"; sourceTree = "<group>"; fileEncoding = undefined; lastKnownFileType = unknown; explicitFileType = undefined; includeInIndex = 0; };
		8A7FE3682B0542B68D686BDF /* latte_pic_3_portrait.png */ = {isa = PBXFileReference; name = "latte_pic_3_portrait.png"; path = "../src/assets/coffee_assets/latte/portrait/latte_pic_3_portrait.png"; sourceTree = "<group>"; fileEncoding = undefined; lastKnownFileType = unknown; explicitFileType = undefined; includeInIndex = 0; };
		1A2D81F3854C40AEB0A8C999 /* latte_pic_1_square.png */ = {isa = PBXFileReference; name = "latte_pic_1_square.png"; path = "../src/assets/coffee_assets/latte/square/latte_pic_1_square.png"; sourceTree = "<group>"; fileEncoding = undefined; lastKnownFileType = unknown; explicitFileType = undefined; includeInIndex = 0; };
		21414B93ED714728BBC97421 /* latte_pic_2_square.png */ = {isa = PBXFileReference; name = "latte_pic_2_square.png"; path = "../src/assets/coffee_assets/latte/square/latte_pic_2_square.png"; sourceTree = "<group>"; fileEncoding = undefined; lastKnownFileType = unknown; explicitFileType = undefined; includeInIndex = 0; };
		FA9A42C2C42F4FC7AE1F6BB2 /* latte_pic_3_square.png */ = {isa = PBXFileReference; name = "latte_pic_3_square.png"; path = "../src/assets/coffee_assets/latte/square/latte_pic_3_square.png"; sourceTree = "<group>"; fileEncoding = undefined; lastKnownFileType = unknown; explicitFileType = undefined; includeInIndex = 0; };
		264E31451D724ACF8D397E9A /* liberica_coffee_beans_portrait.png */ = {isa = PBXFileReference; name = "liberica_coffee_beans_portrait.png"; path = "../src/assets/coffee_assets/liberica_coffee_beans/liberica_coffee_beans_portrait.png"; sourceTree = "<group>"; fileEncoding = undefined; lastKnownFileType = unknown; explicitFileType = undefined; includeInIndex = 0; };
		D96B75ACD8E24517967955F9 /* liberica_coffee_beans_square.png */ = {isa = PBXFileReference; name = "liberica_coffee_beans_square.png"; path = "../src/assets/coffee_assets/liberica_coffee_beans/liberica_coffee_beans_square.png"; sourceTree = "<group>"; fileEncoding = undefined; lastKnownFileType = unknown; explicitFileType = undefined; includeInIndex = 0; };
		C5C069E22C9B417CA763BECB /* macchiato_pic_1_portrait.png */ = {isa = PBXFileReference; name = "macchiato_pic_1_portrait.png"; path = "../src/assets/coffee_assets/macchiato/portrait/macchiato_pic_1_portrait.png"; sourceTree = "<group>"; fileEncoding = undefined; lastKnownFileType = unknown; explicitFileType = undefined; includeInIndex = 0; };
		081326BD91974E9996859A63 /* macchiato_pic_2_portrait.png */ = {isa = PBXFileReference; name = "macchiato_pic_2_portrait.png"; path = "../src/assets/coffee_assets/macchiato/portrait/macchiato_pic_2_portrait.png"; sourceTree = "<group>"; fileEncoding = undefined; lastKnownFileType = unknown; explicitFileType = undefined; includeInIndex = 0; };
		AEFDB0DAD85F497EA321F5A6 /* macchiato_pic_3_portrait.png */ = {isa = PBXFileReference; name = "macchiato_pic_3_portrait.png"; path = "../src/assets/coffee_assets/macchiato/portrait/macchiato_pic_3_portrait.png"; sourceTree = "<group>"; fileEncoding = undefined; lastKnownFileType = unknown; explicitFileType = undefined; includeInIndex = 0; };
		3F3C4A5B620D489EA47F46F4 /* macchiato_pic_1_square.png */ = {isa = PBXFileReference; name = "macchiato_pic_1_square.png"; path = "../src/assets/coffee_assets/macchiato/square/macchiato_pic_1_square.png"; sourceTree = "<group>"; fileEncoding = undefined; lastKnownFileType = unknown; explicitFileType = undefined; includeInIndex = 0; };
		0C5A561F54CD41F5949E8068 /* macchiato_pic_2_square.png */ = {isa = PBXFileReference; name = "macchiato_pic_2_square.png"; path = "../src/assets/coffee_assets/macchiato/square/macchiato_pic_2_square.png"; sourceTree = "<group>"; fileEncoding = undefined; lastKnownFileType = unknown; explicitFileType = undefined; includeInIndex = 0; };
		04A3ED92CAFB4FA998E138A2 /* macchiato_pic_3_square.png */ = {isa = PBXFileReference; name = "macchiato_pic_3_square.png"; path = "../src/assets/coffee_assets/macchiato/square/macchiato_pic_3_square.png"; sourceTree = "<group>"; fileEncoding = undefined; lastKnownFileType = unknown; explicitFileType = undefined; includeInIndex = 0; };
		1E48DDC7B86C4A9ABF835262 /* robusta_coffee_beans_portrait.png */ = {isa = PBXFileReference; name = "robusta_coffee_beans_portrait.png"; path = "../src/assets/coffee_assets/robusta_coffee_beans/robusta_coffee_beans_portrait.png"; sourceTree = "<group>"; fileEncoding = undefined; lastKnownFileType = unknown; explicitFileType = undefined; includeInIndex = 0; };
		44A97EFF84E34578B7542C93 /* robusta_coffee_beans_square.png */ = {isa = PBXFileReference; name = "robusta_coffee_beans_square.png"; path = "../src/assets/coffee_assets/robusta_coffee_beans/robusta_coffee_beans_square.png"; sourceTree = "<group>"; fileEncoding = undefined; lastKnownFileType = unknown; explicitFileType = undefined; includeInIndex = 0; };
		CDDF13C8F70D46E49AFCEA28 /* icomoon.ttf */ = {isa = PBXFileReference; name = "icomoon.ttf"; path = "../src/assets/fonts/icomoon.ttf"; sourceTree = "<group>"; fileEncoding = undefined; lastKnownFileType = unknown; explicitFileType = undefined; includeInIndex = 0; };
/* End PBXFileReference section */

/* Begin PBXFrameworksBuildPhase section */
		00E356EB1AD99517003FC87E /* Frameworks */ = {
			isa = PBXFrameworksBuildPhase;
			buildActionMask = 2147483647;
			files = (
				7699B88040F8A987B510C191 /* libPods-Coffee_Xpress-Coffee_XpressTests.a in Frameworks */,
			);
			runOnlyForDeploymentPostprocessing = 0;
		};
		13B07F8C1A680F5B00A75B9A /* Frameworks */ = {
			isa = PBXFrameworksBuildPhase;
			buildActionMask = 2147483647;
			files = (
				0C80B921A6F3F58F76C31292 /* libPods-Coffee_Xpress.a in Frameworks */,
			);
			runOnlyForDeploymentPostprocessing = 0;
		};
/* End PBXFrameworksBuildPhase section */

/* Begin PBXGroup section */
		00E356EF1AD99517003FC87E /* Coffee_XpressTests */ = {
			isa = PBXGroup;
			children = (
				00E356F21AD99517003FC87E /* Coffee_XpressTests.m */,
				00E356F01AD99517003FC87E /* Supporting Files */,
			);
			path = Coffee_XpressTests;
			sourceTree = "<group>";
		};
		00E356F01AD99517003FC87E /* Supporting Files */ = {
			isa = PBXGroup;
			children = (
				00E356F11AD99517003FC87E /* Info.plist */,
			);
			name = "Supporting Files";
			sourceTree = "<group>";
		};
		13B07FAE1A68108700A75B9A /* Coffee_Xpress */ = {
			isa = PBXGroup;
			children = (
				13B07FAF1A68108700A75B9A /* AppDelegate.h */,
				13B07FB01A68108700A75B9A /* AppDelegate.mm */,
				13B07FB51A68108700A75B9A /* Images.xcassets */,
				13B07FB61A68108700A75B9A /* Info.plist */,
				81AB9BB72411601600AC10FF /* LaunchScreen.storyboard */,
				13B07FB71A68108700A75B9A /* main.m */,
				13B07FB81A68108700A75B9A /* PrivacyInfo.xcprivacy */,
			);
			name = Coffee_Xpress;
			sourceTree = "<group>";
		};
		2D16E6871FA4F8E400B85C8A /* Frameworks */ = {
			isa = PBXGroup;
			children = (
				ED297162215061F000B7C4FE /* JavaScriptCore.framework */,
				5DCACB8F33CDC322A6C60F78 /* libPods-Coffee_Xpress.a */,
				19F6CBCC0A4E27FBF8BF4A61 /* libPods-Coffee_Xpress-Coffee_XpressTests.a */,
			);
			name = Frameworks;
			sourceTree = "<group>";
		};
		832341AE1AAA6A7D00B99B32 /* Libraries */ = {
			isa = PBXGroup;
			children = (
			);
			name = Libraries;
			sourceTree = "<group>";
		};
		83CBB9F61A601CBA00E9B192 = {
			isa = PBXGroup;
			children = (
				13B07FAE1A68108700A75B9A /* Coffee_Xpress */,
				832341AE1AAA6A7D00B99B32 /* Libraries */,
				00E356EF1AD99517003FC87E /* Coffee_XpressTests */,
				83CBBA001A601CBA00E9B192 /* Products */,
				2D16E6871FA4F8E400B85C8A /* Frameworks */,
				BBD78D7AC51CEA395F1C20DB /* Pods */,
				B2D9CF27C3B7435083AC14FF /* Resources */,
			);
			indentWidth = 2;
			sourceTree = "<group>";
			tabWidth = 2;
			usesTabs = 0;
		};
		83CBBA001A601CBA00E9B192 /* Products */ = {
			isa = PBXGroup;
			children = (
				13B07F961A680F5B00A75B9A /* Coffee_Xpress.app */,
				00E356EE1AD99517003FC87E /* Coffee_XpressTests.xctest */,
			);
			name = Products;
			sourceTree = "<group>";
		};
		BBD78D7AC51CEA395F1C20DB /* Pods */ = {
			isa = PBXGroup;
			children = (
				3B4392A12AC88292D35C810B /* Pods-Coffee_Xpress.debug.xcconfig */,
				5709B34CF0A7D63546082F79 /* Pods-Coffee_Xpress.release.xcconfig */,
				5B7EB9410499542E8C5724F5 /* Pods-Coffee_Xpress-Coffee_XpressTests.debug.xcconfig */,
				89C6BE57DB24E9ADA2F236DE /* Pods-Coffee_Xpress-Coffee_XpressTests.release.xcconfig */,
			);
			path = Pods;
			sourceTree = "<group>";
		};
		B2D9CF27C3B7435083AC14FF /* Resources */ = {
			isa = "PBXGroup";
			children = (
				7ADB8F5412064F7E974009DD /* Poppins-Black.ttf */,
				AC10643F99B84B4DB587A70C /* Poppins-Bold.ttf */,
				DBC8F22DE316470085F1AB29 /* Poppins-ExtraBold.ttf */,
				B91B6E9DFE1E4457BC02F513 /* Poppins-ExtraLight.ttf */,
				DE4302C9025446EA87B6220F /* Poppins-Light.ttf */,
				47D2A467FFF94EF28248C038 /* Poppins-Medium.ttf */,
				C29C3F4E5E7543BC85B2B370 /* Poppins-Regular.ttf */,
				9478E5ABE4B04F0EB0C69292 /* Poppins-SemiBold.ttf */,
				C5FE440055194B8EA0C1AF20 /* Poppins-Thin.ttf */,
				A7E104B50F2C46158DB685AA /* app_icons.ttf */,
				A7ACCE8251AD4DA3B185E97D /* amazonpay.png */,
				0364C7DF93A546D4BD926413 /* applepay.png */,
				4939CB96481E46988D555F45 /* avatar.png */,
				14B5C3A5A10B441C93D18C92 /* gpay.png */,
				57AF0D3264DF42328BE15826 /* americano_pic_1_portrait.png */,
				60012EAF4CB74238B0D5D00C /* americano_pic_2_portrait.png */,
				0BD3075EE0BC479BB70051CF /* americano_pic_3_portrait.png */,
				000B986E9C4B4D99B30F92A4 /* americano_pic_1_square.png */,
				F4A4B2AA0DC54CEE8049632B /* americano_pic_2_square.png */,
				FB1D2AA9DB0148AEB8D7A50E /* americano_pic_3_square.png */,
				F64C1A37A89B41FD819DA91A /* arabica_coffee_beans_portrait.png */,
				AC4B34EFFC1C4A9DA211518E /* arabica_coffee_beans_square.png */,
				7B44CAA29FDD4DAEBF0942FD /* black_coffee_pic_1_portrait.png */,
				6E1E56791D154262AF535D0A /* black_coffee_pic_2_portrait.png */,
				91B832E43ADC49CBA64CABD8 /* black_coffee_pic_3_portrait.png */,
				ADDAF2CB726E41088C386A32 /* black_coffee_pic_1_square.png */,
				1C6B166BBAD54421B7B4617D /* black_coffee_pic_2_square.png */,
				5EC91E7B5DDD4757BFE31144 /* black_coffee_pic_3_square.png */,
				0A092840F0824F98B6FA1C08 /* cappuccino_pic_1_portrait.png */,
				69382711278D4F3C94CC53F8 /* cappuccino_pic_2_portrait.png */,
				C4A6545A248A439B8C05E6AA /* cappuccino_pic_3_portrait.png */,
				9C8AB49730A048DF969E5037 /* cappuccino_pic_1_square.png */,
				62041261788843A3AFEC927B /* cappuccino_pic_2_square.png */,
				74742262242845159F9719EF /* cappuccino_pic_3_square.png */,
				B7E2648035724558A5E21254 /* espresso_pic_1_portrait.png */,
				EB464935CEBD49749D3E322F /* espresso_pic_2_portrait.png */,
				5AEE8E32E3744436B76941CC /* espresso_pic_3_portrait.png */,
				9E97B24E2C1D4775A0BC7026 /* espresso_pic_1_square.png */,
				354C609848CB44D1A8C7BF30 /* espresso_pic_2_square.png */,
				3EBEC8EFEE5D41CE8BADB9F2 /* espresso_pic_3_square.png */,
				5333920329A04AC78865CD86 /* excelsa_coffee_beans_portrait.png */,
				51054106F0DC43E387C897BE /* excelsa_coffee_beans_square.png */,
				955CAE9A5B0140CDA40B4D70 /* latte_pic_1_portrait.png */,
				4666FCD09E934A1398C2CB8F /* latte_pic_2_portrait.png */,
				8A7FE3682B0542B68D686BDF /* latte_pic_3_portrait.png */,
				1A2D81F3854C40AEB0A8C999 /* latte_pic_1_square.png */,
				21414B93ED714728BBC97421 /* latte_pic_2_square.png */,
				FA9A42C2C42F4FC7AE1F6BB2 /* latte_pic_3_square.png */,
				264E31451D724ACF8D397E9A /* liberica_coffee_beans_portrait.png */,
				D96B75ACD8E24517967955F9 /* liberica_coffee_beans_square.png */,
				C5C069E22C9B417CA763BECB /* macchiato_pic_1_portrait.png */,
				081326BD91974E9996859A63 /* macchiato_pic_2_portrait.png */,
				AEFDB0DAD85F497EA321F5A6 /* macchiato_pic_3_portrait.png */,
				3F3C4A5B620D489EA47F46F4 /* macchiato_pic_1_square.png */,
				0C5A561F54CD41F5949E8068 /* macchiato_pic_2_square.png */,
				04A3ED92CAFB4FA998E138A2 /* macchiato_pic_3_square.png */,
				1E48DDC7B86C4A9ABF835262 /* robusta_coffee_beans_portrait.png */,
				44A97EFF84E34578B7542C93 /* robusta_coffee_beans_square.png */,
				CDDF13C8F70D46E49AFCEA28 /* icomoon.ttf */,
			);
			name = Resources;
			sourceTree = "<group>";
			path = "";
		};
/* End PBXGroup section */

/* Begin PBXNativeTarget section */
		00E356ED1AD99517003FC87E /* Coffee_XpressTests */ = {
			isa = PBXNativeTarget;
			buildConfigurationList = 00E357021AD99517003FC87E /* Build configuration list for PBXNativeTarget "Coffee_XpressTests" */;
			buildPhases = (
				A55EABD7B0C7F3A422A6CC61 /* [CP] Check Pods Manifest.lock */,
				00E356EA1AD99517003FC87E /* Sources */,
				00E356EB1AD99517003FC87E /* Frameworks */,
				00E356EC1AD99517003FC87E /* Resources */,
				C59DA0FBD6956966B86A3779 /* [CP] Embed Pods Frameworks */,
				F6A41C54EA430FDDC6A6ED99 /* [CP] Copy Pods Resources */,
			);
			buildRules = (
			);
			dependencies = (
				00E356F51AD99517003FC87E /* PBXTargetDependency */,
			);
			name = Coffee_XpressTests;
			productName = Coffee_XpressTests;
			productReference = 00E356EE1AD99517003FC87E /* Coffee_XpressTests.xctest */;
			productType = "com.apple.product-type.bundle.unit-test";
		};
		13B07F861A680F5B00A75B9A /* Coffee_Xpress */ = {
			isa = PBXNativeTarget;
			buildConfigurationList = 13B07F931A680F5B00A75B9A /* Build configuration list for PBXNativeTarget "Coffee_Xpress" */;
			buildPhases = (
				C38B50BA6285516D6DCD4F65 /* [CP] Check Pods Manifest.lock */,
				13B07F871A680F5B00A75B9A /* Sources */,
				13B07F8C1A680F5B00A75B9A /* Frameworks */,
				13B07F8E1A680F5B00A75B9A /* Resources */,
				00DD1BFF1BD5951E006B06BC /* Bundle React Native code and images */,
				00EEFC60759A1932668264C0 /* [CP] Embed Pods Frameworks */,
				E235C05ADACE081382539298 /* [CP] Copy Pods Resources */,
			);
			buildRules = (
			);
			dependencies = (
			);
			name = Coffee_Xpress;
			productName = Coffee_Xpress;
			productReference = 13B07F961A680F5B00A75B9A /* Coffee_Xpress.app */;
			productType = "com.apple.product-type.application";
		};
/* End PBXNativeTarget section */

/* Begin PBXProject section */
		83CBB9F71A601CBA00E9B192 /* Project object */ = {
			isa = PBXProject;
			attributes = {
				LastUpgradeCheck = 1210;
				TargetAttributes = {
					00E356ED1AD99517003FC87E = {
						CreatedOnToolsVersion = 6.2;
						TestTargetID = 13B07F861A680F5B00A75B9A;
					};
					13B07F861A680F5B00A75B9A = {
						LastSwiftMigration = 1120;
					};
				};
			};
			buildConfigurationList = 83CBB9FA1A601CBA00E9B192 /* Build configuration list for PBXProject "Coffee_Xpress" */;
			compatibilityVersion = "Xcode 12.0";
			developmentRegion = en;
			hasScannedForEncodings = 0;
			knownRegions = (
				en,
				Base,
			);
			mainGroup = 83CBB9F61A601CBA00E9B192;
			productRefGroup = 83CBBA001A601CBA00E9B192 /* Products */;
			projectDirPath = "";
			projectRoot = "";
			targets = (
				13B07F861A680F5B00A75B9A /* Coffee_Xpress */,
				00E356ED1AD99517003FC87E /* Coffee_XpressTests */,
			);
		};
/* End PBXProject section */

/* Begin PBXResourcesBuildPhase section */
		00E356EC1AD99517003FC87E /* Resources */ = {
			isa = PBXResourcesBuildPhase;
			buildActionMask = 2147483647;
			files = (
			);
			runOnlyForDeploymentPostprocessing = 0;
		};
		13B07F8E1A680F5B00A75B9A /* Resources */ = {
			isa = PBXResourcesBuildPhase;
			buildActionMask = 2147483647;
			files = (
				81AB9BB82411601600AC10FF /* LaunchScreen.storyboard in Resources */,
				13B07FBF1A68108700A75B9A /* Images.xcassets in Resources */,
				80311542DCE440269460B2CE /* Poppins-Black.ttf in Resources */,
				01C5AA917CDF44CEBCBE58A0 /* Poppins-Bold.ttf in Resources */,
				C8EBA8ED9BC046738D731E37 /* Poppins-ExtraBold.ttf in Resources */,
				77DC3088266A4873A6D55C06 /* Poppins-ExtraLight.ttf in Resources */,
				5EA8D8FC818A4325B3DEB605 /* Poppins-Light.ttf in Resources */,
				8267250AE5EF4987A82B01EE /* Poppins-Medium.ttf in Resources */,
				A582D189770B4172B7DD5F60 /* Poppins-Regular.ttf in Resources */,
				79E6C26FF44241B7BF92DC48 /* Poppins-SemiBold.ttf in Resources */,
				24C3D7CD5B33475CAB7A7FD6 /* Poppins-Thin.ttf in Resources */,
				FFD0DA783CC24FC2B64D2FDA /* app_icons.ttf in Resources */,
				FFBB00E606834E4087549CBC /* amazonpay.png in Resources */,
				BD680EE9B7AC4416877C54C5 /* applepay.png in Resources */,
				76ADE744C7134911A57212E7 /* avatar.png in Resources */,
				88F4BFEDEFFC4A0A89C3012F /* gpay.png in Resources */,
				F3D2886B6BB34CA682D21D6A /* americano_pic_1_portrait.png in Resources */,
				EF3620AB6B174C4FB8BB2B9E /* americano_pic_2_portrait.png in Resources */,
				AED0D869268549DDB7A2F4ED /* americano_pic_3_portrait.png in Resources */,
				B62DE4B95ADD4C82A681DAE8 /* americano_pic_1_square.png in Resources */,
				81E62511D8F846598B79DE4B /* americano_pic_2_square.png in Resources */,
				923D6DA8C12142C28D6FEC89 /* americano_pic_3_square.png in Resources */,
				853DFE3049DC43D5A4B32768 /* arabica_coffee_beans_portrait.png in Resources */,
				22A53B280D334E6D9448003B /* arabica_coffee_beans_square.png in Resources */,
				7A540C746E584E5D81B0A64B /* black_coffee_pic_1_portrait.png in Resources */,
				B9BC6C42CAB545DC9E2D36E6 /* black_coffee_pic_2_portrait.png in Resources */,
				9D4CA853F52B48668A443D9D /* black_coffee_pic_3_portrait.png in Resources */,
				4A50D025680E44EE8FAFABE8 /* black_coffee_pic_1_square.png in Resources */,
				EDA3F6AACFFF44278674B652 /* black_coffee_pic_2_square.png in Resources */,
				5DE93973600C4F658EE7CF94 /* black_coffee_pic_3_square.png in Resources */,
				38774E07E7F1435AA33DB90E /* cappuccino_pic_1_portrait.png in Resources */,
				926B6618FE1F4F0EAE490614 /* cappuccino_pic_2_portrait.png in Resources */,
				69282B93251D44D9AFA048EA /* cappuccino_pic_3_portrait.png in Resources */,
				CB89D406C4FE49E39945B83D /* cappuccino_pic_1_square.png in Resources */,
				B041CB3F14DD4C45948B1EB9 /* cappuccino_pic_2_square.png in Resources */,
				5F804F16F6CE4D36900B359F /* cappuccino_pic_3_square.png in Resources */,
				0F70F1F3B5A64E93B3686814 /* espresso_pic_1_portrait.png in Resources */,
				DCE2747958384EBD8CDB362A /* espresso_pic_2_portrait.png in Resources */,
				C7036EB99E544310BB757B98 /* espresso_pic_3_portrait.png in Resources */,
				D532FFA20A7F47ACA686AABB /* espresso_pic_1_square.png in Resources */,
				A2D32A94CF414A7787B9ECC1 /* espresso_pic_2_square.png in Resources */,
				0AF55197C64D4FD680637137 /* espresso_pic_3_square.png in Resources */,
				B93647BBD7D14845BAFCA44D /* excelsa_coffee_beans_portrait.png in Resources */,
				2811B12997D7423CB3E2465B /* excelsa_coffee_beans_square.png in Resources */,
				0DCD634AE89E4A9FB3CDB9C7 /* latte_pic_1_portrait.png in Resources */,
				22FF6CC38CF343648C7D66AA /* latte_pic_2_portrait.png in Resources */,
				E3A7CA3588B142229D3A922A /* latte_pic_3_portrait.png in Resources */,
				81D1B0C22DE24E0E8620B8F8 /* latte_pic_1_square.png in Resources */,
				F618282C429A4C219FB70A56 /* latte_pic_2_square.png in Resources */,
				7F0B139FD4F14E489E7427E0 /* latte_pic_3_square.png in Resources */,
				E3D2504E606447BE893B2E38 /* liberica_coffee_beans_portrait.png in Resources */,
				9021D7FA9E054A9192318A85 /* liberica_coffee_beans_square.png in Resources */,
				C19DCDE7472340CBA2FB0A15 /* macchiato_pic_1_portrait.png in Resources */,
				7125977E2BD44DE1A446E231 /* macchiato_pic_2_portrait.png in Resources */,
				8AD74812004C4393A8A8CFE4 /* macchiato_pic_3_portrait.png in Resources */,
				8E74DFFF6C3C43659F96D82F /* macchiato_pic_1_square.png in Resources */,
				9353119E5B0A42D9AC160D8D /* macchiato_pic_2_square.png in Resources */,
				74D59A6C2E43420CBEEEE062 /* macchiato_pic_3_square.png in Resources */,
				5F86E53FDFBA417481BA9688 /* robusta_coffee_beans_portrait.png in Resources */,
				7EC2C041FE1549B1A0B359C5 /* robusta_coffee_beans_square.png in Resources */,
				EC3903DF8F7B41EE8E3F4742 /* icomoon.ttf in Resources */,
			);
			runOnlyForDeploymentPostprocessing = 0;
		};
/* End PBXResourcesBuildPhase section */

/* Begin PBXShellScriptBuildPhase section */
		00DD1BFF1BD5951E006B06BC /* Bundle React Native code and images */ = {
			isa = PBXShellScriptBuildPhase;
			buildActionMask = 2147483647;
			files = (
			);
			inputPaths = (
				"$(SRCROOT)/.xcode.env.local",
				"$(SRCROOT)/.xcode.env",
			);
			name = "Bundle React Native code and images";
			outputPaths = (
			);
			runOnlyForDeploymentPostprocessing = 0;
			shellPath = /bin/sh;
			shellScript = "set -e\n\nWITH_ENVIRONMENT=\"$REACT_NATIVE_PATH/scripts/xcode/with-environment.sh\"\nREACT_NATIVE_XCODE=\"$REACT_NATIVE_PATH/scripts/react-native-xcode.sh\"\n\n/bin/sh -c \"$WITH_ENVIRONMENT $REACT_NATIVE_XCODE\"\n";
		};
		00EEFC60759A1932668264C0 /* [CP] Embed Pods Frameworks */ = {
			isa = PBXShellScriptBuildPhase;
			buildActionMask = 2147483647;
			files = (
			);
			inputFileListPaths = (
				"${PODS_ROOT}/Target Support Files/Pods-Coffee_Xpress/Pods-Coffee_Xpress-frameworks-${CONFIGURATION}-input-files.xcfilelist",
			);
			name = "[CP] Embed Pods Frameworks";
			outputFileListPaths = (
				"${PODS_ROOT}/Target Support Files/Pods-Coffee_Xpress/Pods-Coffee_Xpress-frameworks-${CONFIGURATION}-output-files.xcfilelist",
			);
			runOnlyForDeploymentPostprocessing = 0;
			shellPath = /bin/sh;
			shellScript = "\"${PODS_ROOT}/Target Support Files/Pods-Coffee_Xpress/Pods-Coffee_Xpress-frameworks.sh\"\n";
			showEnvVarsInLog = 0;
		};
		A55EABD7B0C7F3A422A6CC61 /* [CP] Check Pods Manifest.lock */ = {
			isa = PBXShellScriptBuildPhase;
			buildActionMask = 2147483647;
			files = (
			);
			inputFileListPaths = (
			);
			inputPaths = (
				"${PODS_PODFILE_DIR_PATH}/Podfile.lock",
				"${PODS_ROOT}/Manifest.lock",
			);
			name = "[CP] Check Pods Manifest.lock";
			outputFileListPaths = (
			);
			outputPaths = (
				"$(DERIVED_FILE_DIR)/Pods-Coffee_Xpress-Coffee_XpressTests-checkManifestLockResult.txt",
			);
			runOnlyForDeploymentPostprocessing = 0;
			shellPath = /bin/sh;
			shellScript = "diff \"${PODS_PODFILE_DIR_PATH}/Podfile.lock\" \"${PODS_ROOT}/Manifest.lock\" > /dev/null\nif [ $? != 0 ] ; then\n    # print error to STDERR\n    echo \"error: The sandbox is not in sync with the Podfile.lock. Run 'pod install' or update your CocoaPods installation.\" >&2\n    exit 1\nfi\n# This output is used by Xcode 'outputs' to avoid re-running this script phase.\necho \"SUCCESS\" > \"${SCRIPT_OUTPUT_FILE_0}\"\n";
			showEnvVarsInLog = 0;
		};
		C38B50BA6285516D6DCD4F65 /* [CP] Check Pods Manifest.lock */ = {
			isa = PBXShellScriptBuildPhase;
			buildActionMask = 2147483647;
			files = (
			);
			inputFileListPaths = (
			);
			inputPaths = (
				"${PODS_PODFILE_DIR_PATH}/Podfile.lock",
				"${PODS_ROOT}/Manifest.lock",
			);
			name = "[CP] Check Pods Manifest.lock";
			outputFileListPaths = (
			);
			outputPaths = (
				"$(DERIVED_FILE_DIR)/Pods-Coffee_Xpress-checkManifestLockResult.txt",
			);
			runOnlyForDeploymentPostprocessing = 0;
			shellPath = /bin/sh;
			shellScript = "diff \"${PODS_PODFILE_DIR_PATH}/Podfile.lock\" \"${PODS_ROOT}/Manifest.lock\" > /dev/null\nif [ $? != 0 ] ; then\n    # print error to STDERR\n    echo \"error: The sandbox is not in sync with the Podfile.lock. Run 'pod install' or update your CocoaPods installation.\" >&2\n    exit 1\nfi\n# This output is used by Xcode 'outputs' to avoid re-running this script phase.\necho \"SUCCESS\" > \"${SCRIPT_OUTPUT_FILE_0}\"\n";
			showEnvVarsInLog = 0;
		};
		C59DA0FBD6956966B86A3779 /* [CP] Embed Pods Frameworks */ = {
			isa = PBXShellScriptBuildPhase;
			buildActionMask = 2147483647;
			files = (
			);
			inputFileListPaths = (
				"${PODS_ROOT}/Target Support Files/Pods-Coffee_Xpress-Coffee_XpressTests/Pods-Coffee_Xpress-Coffee_XpressTests-frameworks-${CONFIGURATION}-input-files.xcfilelist",
			);
			name = "[CP] Embed Pods Frameworks";
			outputFileListPaths = (
				"${PODS_ROOT}/Target Support Files/Pods-Coffee_Xpress-Coffee_XpressTests/Pods-Coffee_Xpress-Coffee_XpressTests-frameworks-${CONFIGURATION}-output-files.xcfilelist",
			);
			runOnlyForDeploymentPostprocessing = 0;
			shellPath = /bin/sh;
			shellScript = "\"${PODS_ROOT}/Target Support Files/Pods-Coffee_Xpress-Coffee_XpressTests/Pods-Coffee_Xpress-Coffee_XpressTests-frameworks.sh\"\n";
			showEnvVarsInLog = 0;
		};
		E235C05ADACE081382539298 /* [CP] Copy Pods Resources */ = {
			isa = PBXShellScriptBuildPhase;
			buildActionMask = 2147483647;
			files = (
			);
			inputFileListPaths = (
				"${PODS_ROOT}/Target Support Files/Pods-Coffee_Xpress/Pods-Coffee_Xpress-resources-${CONFIGURATION}-input-files.xcfilelist",
			);
			name = "[CP] Copy Pods Resources";
			outputFileListPaths = (
				"${PODS_ROOT}/Target Support Files/Pods-Coffee_Xpress/Pods-Coffee_Xpress-resources-${CONFIGURATION}-output-files.xcfilelist",
			);
			runOnlyForDeploymentPostprocessing = 0;
			shellPath = /bin/sh;
			shellScript = "\"${PODS_ROOT}/Target Support Files/Pods-Coffee_Xpress/Pods-Coffee_Xpress-resources.sh\"\n";
			showEnvVarsInLog = 0;
		};
		F6A41C54EA430FDDC6A6ED99 /* [CP] Copy Pods Resources */ = {
			isa = PBXShellScriptBuildPhase;
			buildActionMask = 2147483647;
			files = (
			);
			inputFileListPaths = (
				"${PODS_ROOT}/Target Support Files/Pods-Coffee_Xpress-Coffee_XpressTests/Pods-Coffee_Xpress-Coffee_XpressTests-resources-${CONFIGURATION}-input-files.xcfilelist",
			);
			name = "[CP] Copy Pods Resources";
			outputFileListPaths = (
				"${PODS_ROOT}/Target Support Files/Pods-Coffee_Xpress-Coffee_XpressTests/Pods-Coffee_Xpress-Coffee_XpressTests-resources-${CONFIGURATION}-output-files.xcfilelist",
			);
			runOnlyForDeploymentPostprocessing = 0;
			shellPath = /bin/sh;
			shellScript = "\"${PODS_ROOT}/Target Support Files/Pods-Coffee_Xpress-Coffee_XpressTests/Pods-Coffee_Xpress-Coffee_XpressTests-resources.sh\"\n";
			showEnvVarsInLog = 0;
		};
/* End PBXShellScriptBuildPhase section */

/* Begin PBXSourcesBuildPhase section */
		00E356EA1AD99517003FC87E /* Sources */ = {
			isa = PBXSourcesBuildPhase;
			buildActionMask = 2147483647;
			files = (
				00E356F31AD99517003FC87E /* Coffee_XpressTests.m in Sources */,
			);
			runOnlyForDeploymentPostprocessing = 0;
		};
		13B07F871A680F5B00A75B9A /* Sources */ = {
			isa = PBXSourcesBuildPhase;
			buildActionMask = 2147483647;
			files = (
				13B07FBC1A68108700A75B9A /* AppDelegate.mm in Sources */,
				13B07FC11A68108700A75B9A /* main.m in Sources */,
			);
			runOnlyForDeploymentPostprocessing = 0;
		};
/* End PBXSourcesBuildPhase section */

/* Begin PBXTargetDependency section */
		00E356F51AD99517003FC87E /* PBXTargetDependency */ = {
			isa = PBXTargetDependency;
			target = 13B07F861A680F5B00A75B9A /* Coffee_Xpress */;
			targetProxy = 00E356F41AD99517003FC87E /* PBXContainerItemProxy */;
		};
/* End PBXTargetDependency section */

/* Begin XCBuildConfiguration section */
		00E356F61AD99517003FC87E /* Debug */ = {
			isa = XCBuildConfiguration;
			baseConfigurationReference = 5B7EB9410499542E8C5724F5 /* Pods-Coffee_Xpress-Coffee_XpressTests.debug.xcconfig */;
			buildSettings = {
				BUNDLE_LOADER = "$(TEST_HOST)";
				GCC_PREPROCESSOR_DEFINITIONS = (
					"DEBUG=1",
					"$(inherited)",
				);
				INFOPLIST_FILE = Coffee_XpressTests/Info.plist;
				IPHONEOS_DEPLOYMENT_TARGET = 13.4;
				LD_RUNPATH_SEARCH_PATHS = (
					"$(inherited)",
					"@executable_path/Frameworks",
					"@loader_path/Frameworks",
				);
				OTHER_LDFLAGS = (
					"-ObjC",
					"-lc++",
					"$(inherited)",
				);
				PRODUCT_BUNDLE_IDENTIFIER = "org.reactjs.native.example.$(PRODUCT_NAME:rfc1034identifier)";
				PRODUCT_NAME = "$(TARGET_NAME)";
				TEST_HOST = "$(BUILT_PRODUCTS_DIR)/Coffee_Xpress.app/Coffee_Xpress";
			};
			name = Debug;
		};
		00E356F71AD99517003FC87E /* Release */ = {
			isa = XCBuildConfiguration;
			baseConfigurationReference = 89C6BE57DB24E9ADA2F236DE /* Pods-Coffee_Xpress-Coffee_XpressTests.release.xcconfig */;
			buildSettings = {
				BUNDLE_LOADER = "$(TEST_HOST)";
				COPY_PHASE_STRIP = NO;
				INFOPLIST_FILE = Coffee_XpressTests/Info.plist;
				IPHONEOS_DEPLOYMENT_TARGET = 13.4;
				LD_RUNPATH_SEARCH_PATHS = (
					"$(inherited)",
					"@executable_path/Frameworks",
					"@loader_path/Frameworks",
				);
				OTHER_LDFLAGS = (
					"-ObjC",
					"-lc++",
					"$(inherited)",
				);
				PRODUCT_BUNDLE_IDENTIFIER = "org.reactjs.native.example.$(PRODUCT_NAME:rfc1034identifier)";
				PRODUCT_NAME = "$(TARGET_NAME)";
				TEST_HOST = "$(BUILT_PRODUCTS_DIR)/Coffee_Xpress.app/Coffee_Xpress";
			};
			name = Release;
		};
		13B07F941A680F5B00A75B9A /* Debug */ = {
			isa = XCBuildConfiguration;
			baseConfigurationReference = 3B4392A12AC88292D35C810B /* Pods-Coffee_Xpress.debug.xcconfig */;
			buildSettings = {
				ASSETCATALOG_COMPILER_APPICON_NAME = AppIcon;
				CLANG_ENABLE_MODULES = YES;
				CURRENT_PROJECT_VERSION = 1;
				ENABLE_BITCODE = NO;
				INFOPLIST_FILE = Coffee_Xpress/Info.plist;
				LD_RUNPATH_SEARCH_PATHS = (
					"$(inherited)",
					"@executable_path/Frameworks",
				);
				MARKETING_VERSION = 1.0;
				OTHER_LDFLAGS = (
					"$(inherited)",
					"-ObjC",
					"-lc++",
				);
				PRODUCT_BUNDLE_IDENTIFIER = "org.reactjs.native.example.$(PRODUCT_NAME:rfc1034identifier)";
				PRODUCT_NAME = Coffee_Xpress;
				SWIFT_OPTIMIZATION_LEVEL = "-Onone";
				SWIFT_VERSION = 5.0;
				VERSIONING_SYSTEM = "apple-generic";
			};
			name = Debug;
		};
		13B07F951A680F5B00A75B9A /* Release */ = {
			isa = XCBuildConfiguration;
			baseConfigurationReference = 5709B34CF0A7D63546082F79 /* Pods-Coffee_Xpress.release.xcconfig */;
			buildSettings = {
				ASSETCATALOG_COMPILER_APPICON_NAME = AppIcon;
				CLANG_ENABLE_MODULES = YES;
				CURRENT_PROJECT_VERSION = 1;
				INFOPLIST_FILE = Coffee_Xpress/Info.plist;
				LD_RUNPATH_SEARCH_PATHS = (
					"$(inherited)",
					"@executable_path/Frameworks",
				);
				MARKETING_VERSION = 1.0;
				OTHER_LDFLAGS = (
					"$(inherited)",
					"-ObjC",
					"-lc++",
				);
				PRODUCT_BUNDLE_IDENTIFIER = "org.reactjs.native.example.$(PRODUCT_NAME:rfc1034identifier)";
				PRODUCT_NAME = Coffee_Xpress;
				SWIFT_VERSION = 5.0;
				VERSIONING_SYSTEM = "apple-generic";
			};
			name = Release;
		};
		83CBBA201A601CBA00E9B192 /* Debug */ = {
			isa = XCBuildConfiguration;
			buildSettings = {
				ALWAYS_SEARCH_USER_PATHS = NO;
				CLANG_ANALYZER_LOCALIZABILITY_NONLOCALIZED = YES;
				CLANG_CXX_LANGUAGE_STANDARD = "c++20";
				CLANG_CXX_LIBRARY = "libc++";
				CLANG_ENABLE_MODULES = YES;
				CLANG_ENABLE_OBJC_ARC = YES;
				CLANG_WARN_BLOCK_CAPTURE_AUTORELEASING = YES;
				CLANG_WARN_BOOL_CONVERSION = YES;
				CLANG_WARN_COMMA = YES;
				CLANG_WARN_CONSTANT_CONVERSION = YES;
				CLANG_WARN_DEPRECATED_OBJC_IMPLEMENTATIONS = YES;
				CLANG_WARN_DIRECT_OBJC_ISA_USAGE = YES_ERROR;
				CLANG_WARN_EMPTY_BODY = YES;
				CLANG_WARN_ENUM_CONVERSION = YES;
				CLANG_WARN_INFINITE_RECURSION = YES;
				CLANG_WARN_INT_CONVERSION = YES;
				CLANG_WARN_NON_LITERAL_NULL_CONVERSION = YES;
				CLANG_WARN_OBJC_IMPLICIT_RETAIN_SELF = YES;
				CLANG_WARN_OBJC_LITERAL_CONVERSION = YES;
				CLANG_WARN_OBJC_ROOT_CLASS = YES_ERROR;
				CLANG_WARN_QUOTED_INCLUDE_IN_FRAMEWORK_HEADER = YES;
				CLANG_WARN_RANGE_LOOP_ANALYSIS = YES;
				CLANG_WARN_STRICT_PROTOTYPES = YES;
				CLANG_WARN_SUSPICIOUS_MOVE = YES;
				CLANG_WARN_UNREACHABLE_CODE = YES;
				CLANG_WARN__DUPLICATE_METHOD_MATCH = YES;
				"CODE_SIGN_IDENTITY[sdk=iphoneos*]" = "iPhone Developer";
				COPY_PHASE_STRIP = NO;
				ENABLE_STRICT_OBJC_MSGSEND = YES;
				ENABLE_TESTABILITY = YES;
				"EXCLUDED_ARCHS[sdk=iphonesimulator*]" = "";
				GCC_C_LANGUAGE_STANDARD = gnu99;
				GCC_DYNAMIC_NO_PIC = NO;
				GCC_NO_COMMON_BLOCKS = YES;
				GCC_OPTIMIZATION_LEVEL = 0;
				GCC_PREPROCESSOR_DEFINITIONS = (
					"DEBUG=1",
					"$(inherited)",
				);
				GCC_SYMBOLS_PRIVATE_EXTERN = NO;
				GCC_WARN_64_TO_32_BIT_CONVERSION = YES;
				GCC_WARN_ABOUT_RETURN_TYPE = YES_ERROR;
				GCC_WARN_UNDECLARED_SELECTOR = YES;
				GCC_WARN_UNINITIALIZED_AUTOS = YES_AGGRESSIVE;
				GCC_WARN_UNUSED_FUNCTION = YES;
				GCC_WARN_UNUSED_VARIABLE = YES;
				IPHONEOS_DEPLOYMENT_TARGET = 13.4;
				LD_RUNPATH_SEARCH_PATHS = (
					/usr/lib/swift,
					"$(inherited)",
				);
				LIBRARY_SEARCH_PATHS = (
					"\"$(SDKROOT)/usr/lib/swift\"",
					"\"$(TOOLCHAIN_DIR)/usr/lib/swift/$(PLATFORM_NAME)\"",
					"\"$(inherited)\"",
				);
				MTL_ENABLE_DEBUG_INFO = YES;
				ONLY_ACTIVE_ARCH = YES;
				OTHER_CPLUSPLUSFLAGS = (
					"$(OTHER_CFLAGS)",
					"-DFOLLY_NO_CONFIG",
					"-DFOLLY_MOBILE=1",
					"-DFOLLY_USE_LIBCPP=1",
					"-DFOLLY_CFG_NO_COROUTINES=1",
					"-DFOLLY_HAVE_CLOCK_GETTIME=1",
				);
				SDKROOT = iphoneos;
			};
			name = Debug;
		};
		83CBBA211A601CBA00E9B192 /* Release */ = {
			isa = XCBuildConfiguration;
			buildSettings = {
				ALWAYS_SEARCH_USER_PATHS = NO;
				CLANG_ANALYZER_LOCALIZABILITY_NONLOCALIZED = YES;
				CLANG_CXX_LANGUAGE_STANDARD = "c++20";
				CLANG_CXX_LIBRARY = "libc++";
				CLANG_ENABLE_MODULES = YES;
				CLANG_ENABLE_OBJC_ARC = YES;
				CLANG_WARN_BLOCK_CAPTURE_AUTORELEASING = YES;
				CLANG_WARN_BOOL_CONVERSION = YES;
				CLANG_WARN_COMMA = YES;
				CLANG_WARN_CONSTANT_CONVERSION = YES;
				CLANG_WARN_DEPRECATED_OBJC_IMPLEMENTATIONS = YES;
				CLANG_WARN_DIRECT_OBJC_ISA_USAGE = YES_ERROR;
				CLANG_WARN_EMPTY_BODY = YES;
				CLANG_WARN_ENUM_CONVERSION = YES;
				CLANG_WARN_INFINITE_RECURSION = YES;
				CLANG_WARN_INT_CONVERSION = YES;
				CLANG_WARN_NON_LITERAL_NULL_CONVERSION = YES;
				CLANG_WARN_OBJC_IMPLICIT_RETAIN_SELF = YES;
				CLANG_WARN_OBJC_LITERAL_CONVERSION = YES;
				CLANG_WARN_OBJC_ROOT_CLASS = YES_ERROR;
				CLANG_WARN_QUOTED_INCLUDE_IN_FRAMEWORK_HEADER = YES;
				CLANG_WARN_RANGE_LOOP_ANALYSIS = YES;
				CLANG_WARN_STRICT_PROTOTYPES = YES;
				CLANG_WARN_SUSPICIOUS_MOVE = YES;
				CLANG_WARN_UNREACHABLE_CODE = YES;
				CLANG_WARN__DUPLICATE_METHOD_MATCH = YES;
				"CODE_SIGN_IDENTITY[sdk=iphoneos*]" = "iPhone Developer";
				COPY_PHASE_STRIP = YES;
				ENABLE_NS_ASSERTIONS = NO;
				ENABLE_STRICT_OBJC_MSGSEND = YES;
				"EXCLUDED_ARCHS[sdk=iphonesimulator*]" = "";
				GCC_C_LANGUAGE_STANDARD = gnu99;
				GCC_NO_COMMON_BLOCKS = YES;
				GCC_WARN_64_TO_32_BIT_CONVERSION = YES;
				GCC_WARN_ABOUT_RETURN_TYPE = YES_ERROR;
				GCC_WARN_UNDECLARED_SELECTOR = YES;
				GCC_WARN_UNINITIALIZED_AUTOS = YES_AGGRESSIVE;
				GCC_WARN_UNUSED_FUNCTION = YES;
				GCC_WARN_UNUSED_VARIABLE = YES;
				IPHONEOS_DEPLOYMENT_TARGET = 13.4;
				LD_RUNPATH_SEARCH_PATHS = (
					/usr/lib/swift,
					"$(inherited)",
				);
				LIBRARY_SEARCH_PATHS = (
					"\"$(SDKROOT)/usr/lib/swift\"",
					"\"$(TOOLCHAIN_DIR)/usr/lib/swift/$(PLATFORM_NAME)\"",
					"\"$(inherited)\"",
				);
				MTL_ENABLE_DEBUG_INFO = NO;
				OTHER_CPLUSPLUSFLAGS = (
					"$(OTHER_CFLAGS)",
					"-DFOLLY_NO_CONFIG",
					"-DFOLLY_MOBILE=1",
					"-DFOLLY_USE_LIBCPP=1",
					"-DFOLLY_CFG_NO_COROUTINES=1",
					"-DFOLLY_HAVE_CLOCK_GETTIME=1",
				);
				SDKROOT = iphoneos;
				VALIDATE_PRODUCT = YES;
			};
			name = Release;
		};
/* End XCBuildConfiguration section */

/* Begin XCConfigurationList section */
		00E357021AD99517003FC87E /* Build configuration list for PBXNativeTarget "Coffee_XpressTests" */ = {
			isa = XCConfigurationList;
			buildConfigurations = (
				00E356F61AD99517003FC87E /* Debug */,
				00E356F71AD99517003FC87E /* Release */,
			);
			defaultConfigurationIsVisible = 0;
			defaultConfigurationName = Release;
		};
		13B07F931A680F5B00A75B9A /* Build configuration list for PBXNativeTarget "Coffee_Xpress" */ = {
			isa = XCConfigurationList;
			buildConfigurations = (
				13B07F941A680F5B00A75B9A /* Debug */,
				13B07F951A680F5B00A75B9A /* Release */,
			);
			defaultConfigurationIsVisible = 0;
			defaultConfigurationName = Release;
		};
		83CBB9FA1A601CBA00E9B192 /* Build configuration list for PBXProject "Coffee_Xpress" */ = {
			isa = XCConfigurationList;
			buildConfigurations = (
				83CBBA201A601CBA00E9B192 /* Debug */,
				83CBBA211A601CBA00E9B192 /* Release */,
			);
			defaultConfigurationIsVisible = 0;
			defaultConfigurationName = Release;
		};
/* End XCConfigurationList section */
	};
	rootObject = 83CBB9F71A601CBA00E9B192 /* Project object */;
}
